{
    "_readme": [
        "This file locks the dependencies of your project to a known state",
        "Read more about it at https://getcomposer.org/doc/01-basic-usage.md#installing-dependencies",
        "This file is @generated automatically"
    ],
    "content-hash": "55c60685364320c33cc31c4f98f2bfdd",
    "packages": [
        {
            "name": "myparcelnl/sdk",
            "version": "v5.2.9",
            "source": {
                "type": "git",
                "url": "https://github.com/myparcelnl/sdk.git",
                "reference": "9df9ab9f636a1ac7d29ab759d6ba0e0a278ebebd"
            },
            "dist": {
                "type": "zip",
                "url": "https://api.github.com/repos/myparcelnl/sdk/zipball/9df9ab9f636a1ac7d29ab759d6ba0e0a278ebebd",
                "reference": "9df9ab9f636a1ac7d29ab759d6ba0e0a278ebebd",
                "shasum": ""
            },
            "require": {
                "php": ">=7.1.0"
            },
            "require-dev": {
                "phpunit/phpunit": "^5.5"
            },
            "type": "library",
            "autoload": {
                "files": [
                    "src/AutoLoader.php"
                ]
            },
            "notification-url": "https://packagist.org/downloads/",
            "license": [
                "GPL-3.0-or-later"
            ],
            "authors": [
                {
                    "name": "Reindert Vetter",
                    "email": "support@myparcel.nl",
                    "homepage": "https://www.myparcel.nl",
                    "role": "Developer"
                },
                {
                    "name": "Richard Perdaan",
                    "email": "support@myparcel.nl",
                    "homepage": "https://www.myparcel.nl",
                    "role": "Developer"
                },
                {
                    "name": "Edie Lemoine",
                    "email": "support@myparcel.nl",
                    "homepage": "https://www.myparcel.nl",
                    "role": "Developer"
                }
            ],
            "description": "This package is designed to send and receive data from MyParcel by means of an API.",
            "homepage": "https://www.myparcel.nl",
            "keywords": [
                "Flespakket",
                "My Parcel",
                "Post NL",
                "myparcel",
                "postnl"
            ],
            "support": {
                "issues": "https://github.com/myparcelnl/sdk/issues",
                "source": "https://github.com/myparcelnl/sdk/tree/v5.2.9"
            },
            "time": "2021-03-30T14:51:52+00:00"
        }
    ],
    "packages-dev": [],
    "aliases": [],
    "minimum-stability": "stable",
    "stability-flags": [],
    "prefer-stable": false,
    "prefer-lowest": false,
    "platform": [],
    "platform-dev": [],
    "plugin-api-version": "2.0.0"
}
