{
    "_readme": [
        "This file locks the dependencies of your project to a known state",
        "Read more about it at https://getcomposer.org/doc/01-basic-usage.md#installing-dependencies",
        "This file is @generated automatically"
    ],
    "content-hash": "3cbc668c042d8cb7102eb85d832b0b49",
    "packages": [
        {
            "name": "myparcelnl/sdk",
            "version": "7.7.0",
            "dist": {
                "type": "path",
                "url": "/Users/mark/Projects/sdk",
                "reference": "9502951e3e4974eea67655c343bfc1a7f01a053d"
            },
            "require": {
                "php": ">=7.1.0"
            },
            "require-dev": {
                "fakerphp/faker": "^v1.16.0",
                "phpunit/phpunit": "^7.5.20",
                "psr/container": "~1.0.0"
            },
            "type": "library",
            "autoload": {
                "psr-4": {
                    "MyParcelNL\\Sdk\\src\\": "src",
                    "MyParcelNL\\Sdk\\": "src"
                }
            },
            "autoload-dev": {
                "psr-4": {
                    "MyParcelNL\\Sdk\\Test\\": "test"
                }
            },
            "license": [
                "MIT"
            ],
            "authors": [
                {
                    "name": "Edie Lemoine",
                    "email": "support@myparcel.nl"
                },
                {
                    "name": "Joeri van Veen",
                    "email": "support@myparcel.nl"
                },
                {
                    "name": "Mark Ernst",
                    "email": "support@myparcel.nl"
                },
                {
                    "name": "Richard Perdaan",
                    "email": "support@myparcel.nl"
                }
            ],
            "description": "This package is designed to send and receive data from MyParcel by means of an API.",
            "homepage": "https://myparcelnl.github.io/sdk",
            "keywords": [
                "Flespakket",
                "MyParcel",
                "PostNL"
            ],
            "transport-options": {
                "symlink": false,
                "relative": false
            }
        }
    ],
    "packages-dev": [],
    "aliases": [],
    "minimum-stability": "stable",
    "stability-flags": {
        "myparcelnl/sdk": 20
    },
    "prefer-stable": false,
    "prefer-lowest": false,
    "platform": [],
    "platform-dev": [],
    "plugin-api-version": "2.3.0"
}
