{
    "_readme": [
        "This file locks the dependencies of your project to a known state",
        "Read more about it at https://getcomposer.org/doc/01-basic-usage.md#installing-dependencies",
        "This file is @generated automatically"
    ],
    "content-hash": "1f1aa65a6b23bc8456b3128f9da118d8",
    "packages": [
        {
            "name": "myparcelnl/pdk",
            "version": "1.1.0",
            "source": {
                "type": "git",
                "url": "https://github.com/myparcelnl/pdk.git",
                "reference": "adef359a4f9c70fa18cc4d671d875939a293e909"
            },
            "dist": {
                "type": "zip",
                "url": "https://api.github.com/repos/myparcelnl/pdk/zipball/adef359a4f9c70fa18cc4d671d875939a293e909",
                "reference": "adef359a4f9c70fa18cc4d671d875939a293e909",
                "shasum": ""
            },
            "require": {
                "myparcelnl/sdk": "^7.1",
                "php": ">=7.1.0"
            },
            "require-dev": {
                "pestphp/pest": "^1.21",
                "pestphp/pest-plugin-faker": "^1.x-dev",
                "pestphp/pest-plugin-watch": "^1.x-dev"
            },
            "type": "library",
            "autoload": {
                "psr-4": {
                    "MyParcelNL\\Pdk\\": "src/"
                }
            },
            "notification-url": "https://packagist.org/downloads/",
            "license": [
                "MIT"
            ],
            "authors": [
                {
                    "name": "Edie Lemoine",
                    "email": "edie@myparcel.nl"
                }
            ],
            "description": "MyParcel Plugin Development Kit",
            "homepage": "https://www.myparcel.nl",
            "support": {
                "issues": "https://github.com/myparcelnl/pdk/issues",
                "source": "https://github.com/myparcelnl/pdk/tree/v1.1.0"
            },
            "time": "2022-05-31T09:24:02+00:00"
        },
        {
            "name": "myparcelnl/sdk",
            "version": "7.2.2",
            "source": {
                "type": "git",
                "url": "https://github.com/myparcelnl/sdk.git",
                "reference": "2334d5535815da98d8062fd69074fd4247bf0eb6"
            },
            "dist": {
                "type": "zip",
                "url": "https://api.github.com/repos/myparcelnl/sdk/zipball/2334d5535815da98d8062fd69074fd4247bf0eb6",
                "reference": "2334d5535815da98d8062fd69074fd4247bf0eb6",
                "shasum": ""
            },
            "require": {
                "php": ">=7.1.0"
            },
            "require-dev": {
                "fakerphp/faker": "^v1.16.0",
                "phpunit/phpunit": "^7.5.20",
                "psr/container": "~1.0.0"
            },
            "type": "library",
            "autoload": {
                "psr-4": {
                    "MyParcelNL\\Sdk\\": "src",
                    "MyParcelNL\\Sdk\\src\\": "src"
                }
            },
            "notification-url": "https://packagist.org/downloads/",
            "license": [
                "GPL-3.0-or-later"
            ],
            "authors": [
                {
                    "name": "Reindert Vetter",
                    "email": "support@myparcel.nl",
                    "homepage": "https://www.myparcel.nl",
                    "role": "Developer"
                },
                {
                    "name": "Richard Perdaan",
                    "email": "support@myparcel.nl",
                    "homepage": "https://www.myparcel.nl",
                    "role": "Developer"
                },
                {
                    "name": "Edie Lemoine",
                    "email": "support@myparcel.nl",
                    "homepage": "https://www.myparcel.nl",
                    "role": "Developer"
                }
            ],
            "description": "This package is designed to send and receive data from MyParcel by means of an API.",
            "homepage": "https://www.myparcel.nl",
            "keywords": [
                "Flespakket",
                "myparcel",
                "postnl"
            ],
            "support": {
                "issues": "https://github.com/myparcelnl/sdk/issues",
                "source": "https://github.com/myparcelnl/sdk/tree/v7.2.2"
            },
            "time": "2022-04-15T08:14:51+00:00"
        }
    ],
    "packages-dev": [],
    "aliases": [],
    "minimum-stability": "stable",
    "stability-flags": [],
    "prefer-stable": false,
    "prefer-lowest": false,
    "platform": [],
    "platform-dev": [],
    "plugin-api-version": "2.1.0"
}
