{
    "_readme": [
        "This file locks the dependencies of your project to a known state",
        "Read more about it at https://getcomposer.org/doc/01-basic-usage.md#installing-dependencies",
        "This file is @generated automatically"
    ],
    "content-hash": "ed5429cd1d5143cd362a06225f0de129",
    "packages": [
        {
            "name": "MyParcelNL/Sdk",
            "version": "v3.0.1",
            "source": {
                "type": "git",
                "url": "https://github.com/MyParcelNL/Sdk.git",
                "reference": "0c3360c4e8e01fff9d417ea400f5a8e3253576c4"
            },
            "dist": {
                "type": "zip",
                "url": "https://api.github.com/repos/MyParcelNL/Sdk/zipball/0c3360c4e8e01fff9d417ea400f5a8e3253576c4",
                "reference": "0c3360c4e8e01fff9d417ea400f5a8e3253576c4",
                "shasum": ""
            },
            "require": {
                "php": ">=7.1.0"
            },
            "require-dev": {
                "phpunit/phpunit": "^5.5"
            },
            "type": "library",
            "autoload": {
                "files": [
                    "src/AutoLoader.php"
                ]
            },
            "notification-url": "https://packagist.org/downloads/",
            "license": [
                "GPL-3.0-or-later"
            ],
            "authors": [
                {
                    "name": "Reindert Vetter",
                    "email": "support@myparcel.nl",
                    "homepage": "https://www.myparcel.nl",
                    "role": "Developer"
                },
                {
                    "name": "Richard Perdaan",
                    "email": "support@myparcel.nl",
                    "homepage": "https://www.myparcel.nl",
                    "role": "Developer"
                },
                {
                    "name": "Edie Lemoine",
                    "email": "support@myparcel.nl",
                    "homepage": "https://www.myparcel.nl",
                    "role": "Developer"
                }
            ],
            "description": "This package is designed to send and receive data from MyParcel by means of an API.",
            "homepage": "https://www.myparcel.nl",
            "keywords": [
                "Flespakket",
                "My Parcel",
                "Post NL",
                "myparcel",
                "postnl"
            ],
            "time": "2019-10-23T12:47:41+00:00"
        }
    ],
    "packages-dev": [],
    "aliases": [],
    "minimum-stability": "dev",
    "stability-flags": [],
    "prefer-stable": false,
    "prefer-lowest": false,
    "platform": [],
    "platform-dev": []
}
